
Microsoft Visual Studio Solution File, Format Version 12.00
# Visual Studio Version 17
VisualStudioVersion = 17.9.34728.123
MinimumVisualStudioVersion = 10.0.40219.1
Project("{FAE04EC0-301F-11D3-BF4B-00C04F79EFBC}") = "Projeto2B", "Projeto2B\Projeto2B.csproj", "{1551E563-DB1D-4BE8-99F0-DBF0E18D4C9E}"
EndProject
Global
	GlobalSection(SolutionConfigurationPlatforms) = preSolution
		Debug|Any CPU = Debug|Any CPU
		Release|Any CPU = Release|Any CPU
	EndGlobalSection
	GlobalSection(ProjectConfigurationPlatforms) = postSolution
		{1551E563-DB1D-4BE8-99F0-DBF0E18D4C9E}.Debug|Any CPU.ActiveCfg = Debug|Any CPU
		{1551E563-DB1D-4BE8-99F0-DBF0E18D4C9E}.Debug|Any CPU.Build.0 = Debug|Any CPU
		{1551E563-DB1D-4BE8-99F0-DBF0E18D4C9E}.Release|Any CPU.ActiveCfg = Release|Any CPU
		{1551E563-DB1D-4BE8-99F0-DBF0E18D4C9E}.Release|Any CPU.Build.0 = Release|Any CPU
	EndGlobalSection
	GlobalSection(SolutionProperties) = preSolution
		HideSolutionNode = FALSE
	EndGlobalSection
	GlobalSection(ExtensibilityGlobals) = postSolution
		SolutionGuid = {612F7D2D-0693-431E-9C28-259F8150B7D5}
	EndGlobalSection
EndGlobal
